
Microsoft Visual Studio Solution File, Format Version 12.00
# Visual Studio Version 17
VisualStudioVersion = 17.5.002.0
MinimumVisualStudioVersion = 10.0.40219.1
Project("{9A19103F-16F7-4668-BE54-9A1E7A4F7556}") = "urban-trader-be", "urban-trader-be.csproj", "{5B6C3F18-EB52-49E5-9C7B-8CCDF2AC923E}"
EndProject
Global
	GlobalSection(SolutionConfigurationPlatforms) = preSolution
		Debug|Any CPU = Debug|Any CPU
		Release|Any CPU = Release|Any CPU
	EndGlobalSection
	GlobalSection(ProjectConfigurationPlatforms) = postSolution
		{5B6C3F18-EB52-49E5-9C7B-8CCDF2AC923E}.Debug|Any CPU.ActiveCfg = Debug|Any CPU
		{5B6C3F18-EB52-49E5-9C7B-8CCDF2AC923E}.Debug|Any CPU.Build.0 = Debug|Any CPU
		{5B6C3F18-EB52-49E5-9C7B-8CCDF2AC923E}.Release|Any CPU.ActiveCfg = Release|Any CPU
		{5B6C3F18-EB52-49E5-9C7B-8CCDF2AC923E}.Release|Any CPU.Build.0 = Release|Any CPU
	EndGlobalSection
	GlobalSection(SolutionProperties) = preSolution
		HideSolutionNode = FALSE
	EndGlobalSection
	GlobalSection(ExtensibilityGlobals) = postSolution
		SolutionGuid = {6C53BC37-57B1-4643-B9D6-EDB04C4B1569}
	EndGlobalSection
EndGlobal
